{
  "requires": true,
  "lockfileVersion": 1,
  "dependencies": {
    "asap": {
      "version": "2.0.6",
      "resolved": "http://registry.npm.taobao.org/asap/download/asap-2.0.6.tgz"
    },
    "async": {
      "version": "2.6.1",
      "resolved": "http://registry.npm.taobao.org/async/download/async-2.6.1.tgz",
      "requires": {
        "lodash": "4.17.10"
      },
      "dependencies": {
        "lodash": {
          "version": "4.17.10",
          "resolved": "http://registry.npm.taobao.org/lodash/download/lodash-4.17.10.tgz"
        }
      }
    },
    "coroutine": {
      "version": "0.3.1",
      "resolved": "http://registry.npm.taobao.org/coroutine/download/coroutine-0.3.1.tgz"
    },
    "lodash": {
      "version": "4.17.10",
      "resolved": "http://registry.npm.taobao.org/lodash/download/lodash-4.17.10.tgz"
    }
  }
}
